// !$*UTF8*$!
{
	archiveVersion = 1;
	classes = {
	};
	objectVersion = 56;
	objects = {

/* Begin PBXBuildFile section */
		0B83E67F3E1750818B51E6F5 /* Pods_MVVM_RxTests.framework in Frameworks */ = {isa = PBXBuildFile; fileRef = F95B88C153442382182F8FAA /* Pods_MVVM_RxTests.framework */; };
		24703FCC3FB3236A30B53DDE /* Pods_MVVM_Rx_MVVM_RxUITests.framework in Frameworks */ = {isa = PBXBuildFile; fileRef = 33DED0E8F5B77D264183C86B /* Pods_MVVM_Rx_MVVM_RxUITests.framework */; };
		4B1993572C5F9794001CFBE1 /* AppDelegate.swift in Sources */ = {isa = PBXBuildFile; fileRef = 4B1993562C5F9794001CFBE1 /* AppDelegate.swift */; };
		4B1993592C5F9794001CFBE1 /* SceneDelegate.swift in Sources */ = {isa = PBXBuildFile; fileRef = 4B1993582C5F9794001CFBE1 /* SceneDelegate.swift */; };
		4B19935B2C5F9794001CFBE1 /* ViewController.swift in Sources */ = {isa = PBXBuildFile; fileRef = 4B19935A2C5F9794001CFBE1 /* ViewController.swift */; };
		4B19935E2C5F9794001CFBE1 /* Base in Resources */ = {isa = PBXBuildFile; fileRef = 4B19935D2C5F9794001CFBE1 /* Base */; };
		4B1993602C5F9794001CFBE1 /* Assets.xcassets in Resources */ = {isa = PBXBuildFile; fileRef = 4B19935F2C5F9794001CFBE1 /* Assets.xcassets */; };
		4B1993632C5F9794001CFBE1 /* Base in Resources */ = {isa = PBXBuildFile; fileRef = 4B1993622C5F9794001CFBE1 /* Base */; };
		4B19936E2C5F9795001CFBE1 /* MVVM_RxTests.swift in Sources */ = {isa = PBXBuildFile; fileRef = 4B19936D2C5F9795001CFBE1 /* MVVM_RxTests.swift */; };
		4B1993782C5F9795001CFBE1 /* MVVM_RxUITests.swift in Sources */ = {isa = PBXBuildFile; fileRef = 4B1993772C5F9795001CFBE1 /* MVVM_RxUITests.swift */; };
		4B19937A2C5F9795001CFBE1 /* MVVM_RxUITestsLaunchTests.swift in Sources */ = {isa = PBXBuildFile; fileRef = 4B1993792C5F9795001CFBE1 /* MVVM_RxUITestsLaunchTests.swift */; };
		4B1993872C5FA657001CFBE1 /* ViewModel.swift in Sources */ = {isa = PBXBuildFile; fileRef = 4B1993862C5FA657001CFBE1 /* ViewModel.swift */; };
		4B1993892C5FA6C9001CFBE1 /* Entity.swift in Sources */ = {isa = PBXBuildFile; fileRef = 4B1993882C5FA6C9001CFBE1 /* Entity.swift */; };
		4B19938D2C5FAA67001CFBE1 /* CoinTableViewCell.swift in Sources */ = {isa = PBXBuildFile; fileRef = 4B19938B2C5FAA67001CFBE1 /* CoinTableViewCell.swift */; };
		4B19938E2C5FAA67001CFBE1 /* CoinTableViewCell.xib in Resources */ = {isa = PBXBuildFile; fileRef = 4B19938C2C5FAA67001CFBE1 /* CoinTableViewCell.xib */; };
		4B2CF4AC2C624244005A1DCD /* StringExtension.swift in Sources */ = {isa = PBXBuildFile; fileRef = 4B2CF4AB2C624244005A1DCD /* StringExtension.swift */; };
		98DC83C5818BD956FC9CD050 /* Pods_MVVM_Rx.framework in Frameworks */ = {isa = PBXBuildFile; fileRef = 60977726162094037163ECAD /* Pods_MVVM_Rx.framework */; };
/* End PBXBuildFile section */

/* Begin PBXContainerItemProxy section */
		4B19936A2C5F9795001CFBE1 /* PBXContainerItemProxy */ = {
			isa = PBXContainerItemProxy;
			containerPortal = 4B19934B2C5F9794001CFBE1 /* Project object */;
			proxyType = 1;
			remoteGlobalIDString = 4B1993522C5F9794001CFBE1;
			remoteInfo = "MVVM+Rx";
		};
		4B1993742C5F9795001CFBE1 /* PBXContainerItemProxy */ = {
			isa = PBXContainerItemProxy;
			containerPortal = 4B19934B2C5F9794001CFBE1 /* Project object */;
			proxyType = 1;
			remoteGlobalIDString = 4B1993522C5F9794001CFBE1;
			remoteInfo = "MVVM+Rx";
		};
/* End PBXContainerItemProxy section */

/* Begin PBXFileReference section */
		33DED0E8F5B77D264183C86B /* Pods_MVVM_Rx_MVVM_RxUITests.framework */ = {isa = PBXFileReference; explicitFileType = wrapper.framework; includeInIndex = 0; path = Pods_MVVM_Rx_MVVM_RxUITests.framework; sourceTree = BUILT_PRODUCTS_DIR; };
		392C46D0D4EC6AB9989EA3C3 /* Pods-MVVM+Rx-MVVM+RxUITests.release.xcconfig */ = {isa = PBXFileReference; includeInIndex = 1; lastKnownFileType = text.xcconfig; name = "Pods-MVVM+Rx-MVVM+RxUITests.release.xcconfig"; path = "Target Support Files/Pods-MVVM+Rx-MVVM+RxUITests/Pods-MVVM+Rx-MVVM+RxUITests.release.xcconfig"; sourceTree = "<group>"; };
		4B1993532C5F9794001CFBE1 /* MVVM+Rx.app */ = {isa = PBXFileReference; explicitFileType = wrapper.application; includeInIndex = 0; path = "MVVM+Rx.app"; sourceTree = BUILT_PRODUCTS_DIR; };
		4B1993562C5F9794001CFBE1 /* AppDelegate.swift */ = {isa = PBXFileReference; lastKnownFileType = sourcecode.swift; path = AppDelegate.swift; sourceTree = "<group>"; };
		4B1993582C5F9794001CFBE1 /* SceneDelegate.swift */ = {isa = PBXFileReference; lastKnownFileType = sourcecode.swift; path = SceneDelegate.swift; sourceTree = "<group>"; };
		4B19935A2C5F9794001CFBE1 /* ViewController.swift */ = {isa = PBXFileReference; lastKnownFileType = sourcecode.swift; path = ViewController.swift; sourceTree = "<group>"; };
		4B19935D2C5F9794001CFBE1 /* Base */ = {isa = PBXFileReference; lastKnownFileType = file.storyboard; name = Base; path = Base.lproj/Main.storyboard; sourceTree = "<group>"; };
		4B19935F2C5F9794001CFBE1 /* Assets.xcassets */ = {isa = PBXFileReference; lastKnownFileType = folder.assetcatalog; path = Assets.xcassets; sourceTree = "<group>"; };
		4B1993622C5F9794001CFBE1 /* Base */ = {isa = PBXFileReference; lastKnownFileType = file.storyboard; name = Base; path = Base.lproj/LaunchScreen.storyboard; sourceTree = "<group>"; };
		4B1993642C5F9794001CFBE1 /* Info.plist */ = {isa = PBXFileReference; lastKnownFileType = text.plist.xml; path = Info.plist; sourceTree = "<group>"; };
		4B1993692C5F9795001CFBE1 /* MVVM+RxTests.xctest */ = {isa = PBXFileReference; explicitFileType = wrapper.cfbundle; includeInIndex = 0; path = "MVVM+RxTests.xctest"; sourceTree = BUILT_PRODUCTS_DIR; };
		4B19936D2C5F9795001CFBE1 /* MVVM_RxTests.swift */ = {isa = PBXFileReference; lastKnownFileType = sourcecode.swift; path = MVVM_RxTests.swift; sourceTree = "<group>"; };
		4B1993732C5F9795001CFBE1 /* MVVM+RxUITests.xctest */ = {isa = PBXFileReference; explicitFileType = wrapper.cfbundle; includeInIndex = 0; path = "MVVM+RxUITests.xctest"; sourceTree = BUILT_PRODUCTS_DIR; };
		4B1993772C5F9795001CFBE1 /* MVVM_RxUITests.swift */ = {isa = PBXFileReference; lastKnownFileType = sourcecode.swift; path = MVVM_RxUITests.swift; sourceTree = "<group>"; };
		4B1993792C5F9795001CFBE1 /* MVVM_RxUITestsLaunchTests.swift */ = {isa = PBXFileReference; lastKnownFileType = sourcecode.swift; path = MVVM_RxUITestsLaunchTests.swift; sourceTree = "<group>"; };
		4B1993862C5FA657001CFBE1 /* ViewModel.swift */ = {isa = PBXFileReference; lastKnownFileType = sourcecode.swift; path = ViewModel.swift; sourceTree = "<group>"; };
		4B1993882C5FA6C9001CFBE1 /* Entity.swift */ = {isa = PBXFileReference; lastKnownFileType = sourcecode.swift; path = Entity.swift; sourceTree = "<group>"; };
		4B19938B2C5FAA67001CFBE1 /* CoinTableViewCell.swift */ = {isa = PBXFileReference; lastKnownFileType = sourcecode.swift; path = CoinTableViewCell.swift; sourceTree = "<group>"; };
		4B19938C2C5FAA67001CFBE1 /* CoinTableViewCell.xib */ = {isa = PBXFileReference; lastKnownFileType = file.xib; path = CoinTableViewCell.xib; sourceTree = "<group>"; };
		4B2CF4AB2C624244005A1DCD /* StringExtension.swift */ = {isa = PBXFileReference; lastKnownFileType = sourcecode.swift; path = StringExtension.swift; sourceTree = "<group>"; };
		4EF43F6902B8D15DD7546DD3 /* Pods-MVVM+RxTests.debug.xcconfig */ = {isa = PBXFileReference; includeInIndex = 1; lastKnownFileType = text.xcconfig; name = "Pods-MVVM+RxTests.debug.xcconfig"; path = "Target Support Files/Pods-MVVM+RxTests/Pods-MVVM+RxTests.debug.xcconfig"; sourceTree = "<group>"; };
		60977726162094037163ECAD /* Pods_MVVM_Rx.framework */ = {isa = PBXFileReference; explicitFileType = wrapper.framework; includeInIndex = 0; path = Pods_MVVM_Rx.framework; sourceTree = BUILT_PRODUCTS_DIR; };
		66FC93CBDD1CD6A5E18C29AD /* Pods-MVVM+RxTests.release.xcconfig */ = {isa = PBXFileReference; includeInIndex = 1; lastKnownFileType = text.xcconfig; name = "Pods-MVVM+RxTests.release.xcconfig"; path = "Target Support Files/Pods-MVVM+RxTests/Pods-MVVM+RxTests.release.xcconfig"; sourceTree = "<group>"; };
		A75237F60ABA2A6802916262 /* Pods-MVVM+Rx-MVVM+RxUITests.debug.xcconfig */ = {isa = PBXFileReference; includeInIndex = 1; lastKnownFileType = text.xcconfig; name = "Pods-MVVM+Rx-MVVM+RxUITests.debug.xcconfig"; path = "Target Support Files/Pods-MVVM+Rx-MVVM+RxUITests/Pods-MVVM+Rx-MVVM+RxUITests.debug.xcconfig"; sourceTree = "<group>"; };
		C77345BF508F9FA1B0693A3A /* Pods-MVVM+Rx.release.xcconfig */ = {isa = PBXFileReference; includeInIndex = 1; lastKnownFileType = text.xcconfig; name = "Pods-MVVM+Rx.release.xcconfig"; path = "Target Support Files/Pods-MVVM+Rx/Pods-MVVM+Rx.release.xcconfig"; sourceTree = "<group>"; };
		ED6EF1C5A4F70878BAB3D472 /* Pods-MVVM+Rx.debug.xcconfig */ = {isa = PBXFileReference; includeInIndex = 1; lastKnownFileType = text.xcconfig; name = "Pods-MVVM+Rx.debug.xcconfig"; path = "Target Support Files/Pods-MVVM+Rx/Pods-MVVM+Rx.debug.xcconfig"; sourceTree = "<group>"; };
		F95B88C153442382182F8FAA /* Pods_MVVM_RxTests.framework */ = {isa = PBXFileReference; explicitFileType = wrapper.framework; includeInIndex = 0; path = Pods_MVVM_RxTests.framework; sourceTree = BUILT_PRODUCTS_DIR; };
/* End PBXFileReference section */

/* Begin PBXFrameworksBuildPhase section */
		4B1993502C5F9794001CFBE1 /* Frameworks */ = {
			isa = PBXFrameworksBuildPhase;
			buildActionMask = 2147483647;
			files = (
				98DC83C5818BD956FC9CD050 /* Pods_MVVM_Rx.framework in Frameworks */,
			);
			runOnlyForDeploymentPostprocessing = 0;
		};
		4B1993662C5F9795001CFBE1 /* Frameworks */ = {
			isa = PBXFrameworksBuildPhase;
			buildActionMask = 2147483647;
			files = (
				0B83E67F3E1750818B51E6F5 /* Pods_MVVM_RxTests.framework in Frameworks */,
			);
			runOnlyForDeploymentPostprocessing = 0;
		};
		4B1993702C5F9795001CFBE1 /* Frameworks */ = {
			isa = PBXFrameworksBuildPhase;
			buildActionMask = 2147483647;
			files = (
				24703FCC3FB3236A30B53DDE /* Pods_MVVM_Rx_MVVM_RxUITests.framework in Frameworks */,
			);
			runOnlyForDeploymentPostprocessing = 0;
		};
/* End PBXFrameworksBuildPhase section */

/* Begin PBXGroup section */
		4B19934A2C5F9794001CFBE1 = {
			isa = PBXGroup;
			children = (
				4B1993552C5F9794001CFBE1 /* MVVM+Rx */,
				4B19936C2C5F9795001CFBE1 /* MVVM+RxTests */,
				4B1993762C5F9795001CFBE1 /* MVVM+RxUITests */,
				4B1993542C5F9794001CFBE1 /* Products */,
				86DD4A0E0CF4E0752B79F26A /* Pods */,
				BF11285412E57D4A20131EB6 /* Frameworks */,
			);
			sourceTree = "<group>";
		};
		4B1993542C5F9794001CFBE1 /* Products */ = {
			isa = PBXGroup;
			children = (
				4B1993532C5F9794001CFBE1 /* MVVM+Rx.app */,
				4B1993692C5F9795001CFBE1 /* MVVM+RxTests.xctest */,
				4B1993732C5F9795001CFBE1 /* MVVM+RxUITests.xctest */,
			);
			name = Products;
			sourceTree = "<group>";
		};
		4B1993552C5F9794001CFBE1 /* MVVM+Rx */ = {
			isa = PBXGroup;
			children = (
				4B2CF4AA2C62422F005A1DCD /* Extensions */,
				4B19938A2C5FAA52001CFBE1 /* Cell */,
				4B1993562C5F9794001CFBE1 /* AppDelegate.swift */,
				4B1993582C5F9794001CFBE1 /* SceneDelegate.swift */,
				4B19935A2C5F9794001CFBE1 /* ViewController.swift */,
				4B1993862C5FA657001CFBE1 /* ViewModel.swift */,
				4B1993882C5FA6C9001CFBE1 /* Entity.swift */,
				4B19935C2C5F9794001CFBE1 /* Main.storyboard */,
				4B19935F2C5F9794001CFBE1 /* Assets.xcassets */,
				4B1993612C5F9794001CFBE1 /* LaunchScreen.storyboard */,
				4B1993642C5F9794001CFBE1 /* Info.plist */,
			);
			path = "MVVM+Rx";
			sourceTree = "<group>";
		};
		4B19936C2C5F9795001CFBE1 /* MVVM+RxTests */ = {
			isa = PBXGroup;
			children = (
				4B19936D2C5F9795001CFBE1 /* MVVM_RxTests.swift */,
			);
			path = "MVVM+RxTests";
			sourceTree = "<group>";
		};
		4B1993762C5F9795001CFBE1 /* MVVM+RxUITests */ = {
			isa = PBXGroup;
			children = (
				4B1993772C5F9795001CFBE1 /* MVVM_RxUITests.swift */,
				4B1993792C5F9795001CFBE1 /* MVVM_RxUITestsLaunchTests.swift */,
			);
			path = "MVVM+RxUITests";
			sourceTree = "<group>";
		};
		4B19938A2C5FAA52001CFBE1 /* Cell */ = {
			isa = PBXGroup;
			children = (
				4B19938B2C5FAA67001CFBE1 /* CoinTableViewCell.swift */,
				4B19938C2C5FAA67001CFBE1 /* CoinTableViewCell.xib */,
			);
			path = Cell;
			sourceTree = "<group>";
		};
		4B2CF4AA2C62422F005A1DCD /* Extensions */ = {
			isa = PBXGroup;
			children = (
				4B2CF4AB2C624244005A1DCD /* StringExtension.swift */,
			);
			path = Extensions;
			sourceTree = "<group>";
		};
		86DD4A0E0CF4E0752B79F26A /* Pods */ = {
			isa = PBXGroup;
			children = (
				ED6EF1C5A4F70878BAB3D472 /* Pods-MVVM+Rx.debug.xcconfig */,
				C77345BF508F9FA1B0693A3A /* Pods-MVVM+Rx.release.xcconfig */,
				A75237F60ABA2A6802916262 /* Pods-MVVM+Rx-MVVM+RxUITests.debug.xcconfig */,
				392C46D0D4EC6AB9989EA3C3 /* Pods-MVVM+Rx-MVVM+RxUITests.release.xcconfig */,
				4EF43F6902B8D15DD7546DD3 /* Pods-MVVM+RxTests.debug.xcconfig */,
				66FC93CBDD1CD6A5E18C29AD /* Pods-MVVM+RxTests.release.xcconfig */,
			);
			path = Pods;
			sourceTree = "<group>";
		};
		BF11285412E57D4A20131EB6 /* Frameworks */ = {
			isa = PBXGroup;
			children = (
				60977726162094037163ECAD /* Pods_MVVM_Rx.framework */,
				33DED0E8F5B77D264183C86B /* Pods_MVVM_Rx_MVVM_RxUITests.framework */,
				F95B88C153442382182F8FAA /* Pods_MVVM_RxTests.framework */,
			);
			name = Frameworks;
			sourceTree = "<group>";
		};
/* End PBXGroup section */

/* Begin PBXNativeTarget section */
		4B1993522C5F9794001CFBE1 /* MVVM+Rx */ = {
			isa = PBXNativeTarget;
			buildConfigurationList = 4B19937D2C5F9795001CFBE1 /* Build configuration list for PBXNativeTarget "MVVM+Rx" */;
			buildPhases = (
				62FF6002AC3CCF788C52FB6B /* [CP] Check Pods Manifest.lock */,
				4B19934F2C5F9794001CFBE1 /* Sources */,
				4B1993502C5F9794001CFBE1 /* Frameworks */,
				4B1993512C5F9794001CFBE1 /* Resources */,
				1DCF60E42E29B77A0A12C834 /* [CP] Embed Pods Frameworks */,
			);
			buildRules = (
			);
			dependencies = (
			);
			name = "MVVM+Rx";
			productName = "MVVM+Rx";
			productReference = 4B1993532C5F9794001CFBE1 /* MVVM+Rx.app */;
			productType = "com.apple.product-type.application";
		};
		4B1993682C5F9795001CFBE1 /* MVVM+RxTests */ = {
			isa = PBXNativeTarget;
			buildConfigurationList = 4B1993802C5F9795001CFBE1 /* Build configuration list for PBXNativeTarget "MVVM+RxTests" */;
			buildPhases = (
				B4A2971C4CF99E7284D32579 /* [CP] Check Pods Manifest.lock */,
				4B1993652C5F9795001CFBE1 /* Sources */,
				4B1993662C5F9795001CFBE1 /* Frameworks */,
				4B1993672C5F9795001CFBE1 /* Resources */,
			);
			buildRules = (
			);
			dependencies = (
				4B19936B2C5F9795001CFBE1 /* PBXTargetDependency */,
			);
			name = "MVVM+RxTests";
			productName = "MVVM+RxTests";
			productReference = 4B1993692C5F9795001CFBE1 /* MVVM+RxTests.xctest */;
			productType = "com.apple.product-type.bundle.unit-test";
		};
		4B1993722C5F9795001CFBE1 /* MVVM+RxUITests */ = {
			isa = PBXNativeTarget;
			buildConfigurationList = 4B1993832C5F9795001CFBE1 /* Build configuration list for PBXNativeTarget "MVVM+RxUITests" */;
			buildPhases = (
				074491723405F4F9FE5AEA63 /* [CP] Check Pods Manifest.lock */,
				4B19936F2C5F9795001CFBE1 /* Sources */,
				4B1993702C5F9795001CFBE1 /* Frameworks */,
				4B1993712C5F9795001CFBE1 /* Resources */,
				DEA857772A8766C5BDE58836 /* [CP] Embed Pods Frameworks */,
			);
			buildRules = (
			);
			dependencies = (
				4B1993752C5F9795001CFBE1 /* PBXTargetDependency */,
			);
			name = "MVVM+RxUITests";
			productName = "MVVM+RxUITests";
			productReference = 4B1993732C5F9795001CFBE1 /* MVVM+RxUITests.xctest */;
			productType = "com.apple.product-type.bundle.ui-testing";
		};
/* End PBXNativeTarget section */

/* Begin PBXProject section */
		4B19934B2C5F9794001CFBE1 /* Project object */ = {
			isa = PBXProject;
			attributes = {
				BuildIndependentTargetsInParallel = 1;
				LastSwiftUpdateCheck = 1540;
				LastUpgradeCheck = 1540;
				TargetAttributes = {
					4B1993522C5F9794001CFBE1 = {
						CreatedOnToolsVersion = 15.4;
					};
					4B1993682C5F9795001CFBE1 = {
						CreatedOnToolsVersion = 15.4;
						TestTargetID = 4B1993522C5F9794001CFBE1;
					};
					4B1993722C5F9795001CFBE1 = {
						CreatedOnToolsVersion = 15.4;
						TestTargetID = 4B1993522C5F9794001CFBE1;
					};
				};
			};
			buildConfigurationList = 4B19934E2C5F9794001CFBE1 /* Build configuration list for PBXProject "MVVM+Rx" */;
			compatibilityVersion = "Xcode 14.0";
			developmentRegion = en;
			hasScannedForEncodings = 0;
			knownRegions = (
				en,
				Base,
			);
			mainGroup = 4B19934A2C5F9794001CFBE1;
			productRefGroup = 4B1993542C5F9794001CFBE1 /* Products */;
			projectDirPath = "";
			projectRoot = "";
			targets = (
				4B1993522C5F9794001CFBE1 /* MVVM+Rx */,
				4B1993682C5F9795001CFBE1 /* MVVM+RxTests */,
				4B1993722C5F9795001CFBE1 /* MVVM+RxUITests */,
			);
		};
/* End PBXProject section */

/* Begin PBXResourcesBuildPhase section */
		4B1993512C5F9794001CFBE1 /* Resources */ = {
			isa = PBXResourcesBuildPhase;
			buildActionMask = 2147483647;
			files = (
				4B1993602C5F9794001CFBE1 /* Assets.xcassets in Resources */,
				4B1993632C5F9794001CFBE1 /* Base in Resources */,
				4B19938E2C5FAA67001CFBE1 /* CoinTableViewCell.xib in Resources */,
				4B19935E2C5F9794001CFBE1 /* Base in Resources */,
			);
			runOnlyForDeploymentPostprocessing = 0;
		};
		4B1993672C5F9795001CFBE1 /* Resources */ = {
			isa = PBXResourcesBuildPhase;
			buildActionMask = 2147483647;
			files = (
			);
			runOnlyForDeploymentPostprocessing = 0;
		};
		4B1993712C5F9795001CFBE1 /* Resources */ = {
			isa = PBXResourcesBuildPhase;
			buildActionMask = 2147483647;
			files = (
			);
			runOnlyForDeploymentPostprocessing = 0;
		};
/* End PBXResourcesBuildPhase section */

/* Begin PBXShellScriptBuildPhase section */
		074491723405F4F9FE5AEA63 /* [CP] Check Pods Manifest.lock */ = {
			isa = PBXShellScriptBuildPhase;
			buildActionMask = 2147483647;
			files = (
			);
			inputFileListPaths = (
			);
			inputPaths = (
				"${PODS_PODFILE_DIR_PATH}/Podfile.lock",
				"${PODS_ROOT}/Manifest.lock",
			);
			name = "[CP] Check Pods Manifest.lock";
			outputFileListPaths = (
			);
			outputPaths = (
				"$(DERIVED_FILE_DIR)/Pods-MVVM+Rx-MVVM+RxUITests-checkManifestLockResult.txt",
			);
			runOnlyForDeploymentPostprocessing = 0;
			shellPath = /bin/sh;
			shellScript = "diff \"${PODS_PODFILE_DIR_PATH}/Podfile.lock\" \"${PODS_ROOT}/Manifest.lock\" > /dev/null\nif [ $? != 0 ] ; then\n    # print error to STDERR\n    echo \"error: The sandbox is not in sync with the Podfile.lock. Run 'pod install' or update your CocoaPods installation.\" >&2\n    exit 1\nfi\n# This output is used by Xcode 'outputs' to avoid re-running this script phase.\necho \"SUCCESS\" > \"${SCRIPT_OUTPUT_FILE_0}\"\n";
			showEnvVarsInLog = 0;
		};
		1DCF60E42E29B77A0A12C834 /* [CP] Embed Pods Frameworks */ = {
			isa = PBXShellScriptBuildPhase;
			buildActionMask = 2147483647;
			files = (
			);
			inputFileListPaths = (
				"${PODS_ROOT}/Target Support Files/Pods-MVVM+Rx/Pods-MVVM+Rx-frameworks-${CONFIGURATION}-input-files.xcfilelist",
			);
			name = "[CP] Embed Pods Frameworks";
			outputFileListPaths = (
				"${PODS_ROOT}/Target Support Files/Pods-MVVM+Rx/Pods-MVVM+Rx-frameworks-${CONFIGURATION}-output-files.xcfilelist",
			);
			runOnlyForDeploymentPostprocessing = 0;
			shellPath = /bin/sh;
			shellScript = "\"${PODS_ROOT}/Target Support Files/Pods-MVVM+Rx/Pods-MVVM+Rx-frameworks.sh\"\n";
			showEnvVarsInLog = 0;
		};
		62FF6002AC3CCF788C52FB6B /* [CP] Check Pods Manifest.lock */ = {
			isa = PBXShellScriptBuildPhase;
			buildActionMask = 2147483647;
			files = (
			);
			inputFileListPaths = (
			);
			inputPaths = (
				"${PODS_PODFILE_DIR_PATH}/Podfile.lock",
				"${PODS_ROOT}/Manifest.lock",
			);
			name = "[CP] Check Pods Manifest.lock";
			outputFileListPaths = (
			);
			outputPaths = (
				"$(DERIVED_FILE_DIR)/Pods-MVVM+Rx-checkManifestLockResult.txt",
			);
			runOnlyForDeploymentPostprocessing = 0;
			shellPath = /bin/sh;
			shellScript = "diff \"${PODS_PODFILE_DIR_PATH}/Podfile.lock\" \"${PODS_ROOT}/Manifest.lock\" > /dev/null\nif [ $? != 0 ] ; then\n    # print error to STDERR\n    echo \"error: The sandbox is not in sync with the Podfile.lock. Run 'pod install' or update your CocoaPods installation.\" >&2\n    exit 1\nfi\n# This output is used by Xcode 'outputs' to avoid re-running this script phase.\necho \"SUCCESS\" > \"${SCRIPT_OUTPUT_FILE_0}\"\n";
			showEnvVarsInLog = 0;
		};
		B4A2971C4CF99E7284D32579 /* [CP] Check Pods Manifest.lock */ = {
			isa = PBXShellScriptBuildPhase;
			buildActionMask = 2147483647;
			files = (
			);
			inputFileListPaths = (
			);
			inputPaths = (
				"${PODS_PODFILE_DIR_PATH}/Podfile.lock",
				"${PODS_ROOT}/Manifest.lock",
			);
			name = "[CP] Check Pods Manifest.lock";
			outputFileListPaths = (
			);
			outputPaths = (
				"$(DERIVED_FILE_DIR)/Pods-MVVM+RxTests-checkManifestLockResult.txt",
			);
			runOnlyForDeploymentPostprocessing = 0;
			shellPath = /bin/sh;
			shellScript = "diff \"${PODS_PODFILE_DIR_PATH}/Podfile.lock\" \"${PODS_ROOT}/Manifest.lock\" > /dev/null\nif [ $? != 0 ] ; then\n    # print error to STDERR\n    echo \"error: The sandbox is not in sync with the Podfile.lock. Run 'pod install' or update your CocoaPods installation.\" >&2\n    exit 1\nfi\n# This output is used by Xcode 'outputs' to avoid re-running this script phase.\necho \"SUCCESS\" > \"${SCRIPT_OUTPUT_FILE_0}\"\n";
			showEnvVarsInLog = 0;
		};
		DEA857772A8766C5BDE58836 /* [CP] Embed Pods Frameworks */ = {
			isa = PBXShellScriptBuildPhase;
			buildActionMask = 2147483647;
			files = (
			);
			inputFileListPaths = (
				"${PODS_ROOT}/Target Support Files/Pods-MVVM+Rx-MVVM+RxUITests/Pods-MVVM+Rx-MVVM+RxUITests-frameworks-${CONFIGURATION}-input-files.xcfilelist",
			);
			name = "[CP] Embed Pods Frameworks";
			outputFileListPaths = (
				"${PODS_ROOT}/Target Support Files/Pods-MVVM+Rx-MVVM+RxUITests/Pods-MVVM+Rx-MVVM+RxUITests-frameworks-${CONFIGURATION}-output-files.xcfilelist",
			);
			runOnlyForDeploymentPostprocessing = 0;
			shellPath = /bin/sh;
			shellScript = "\"${PODS_ROOT}/Target Support Files/Pods-MVVM+Rx-MVVM+RxUITests/Pods-MVVM+Rx-MVVM+RxUITests-frameworks.sh\"\n";
			showEnvVarsInLog = 0;
		};
/* End PBXShellScriptBuildPhase section */

/* Begin PBXSourcesBuildPhase section */
		4B19934F2C5F9794001CFBE1 /* Sources */ = {
			isa = PBXSourcesBuildPhase;
			buildActionMask = 2147483647;
			files = (
				4B19938D2C5FAA67001CFBE1 /* CoinTableViewCell.swift in Sources */,
				4B2CF4AC2C624244005A1DCD /* StringExtension.swift in Sources */,
				4B19935B2C5F9794001CFBE1 /* ViewController.swift in Sources */,
				4B1993892C5FA6C9001CFBE1 /* Entity.swift in Sources */,
				4B1993572C5F9794001CFBE1 /* AppDelegate.swift in Sources */,
				4B1993872C5FA657001CFBE1 /* ViewModel.swift in Sources */,
				4B1993592C5F9794001CFBE1 /* SceneDelegate.swift in Sources */,
			);
			runOnlyForDeploymentPostprocessing = 0;
		};
		4B1993652C5F9795001CFBE1 /* Sources */ = {
			isa = PBXSourcesBuildPhase;
			buildActionMask = 2147483647;
			files = (
				4B19936E2C5F9795001CFBE1 /* MVVM_RxTests.swift in Sources */,
			);
			runOnlyForDeploymentPostprocessing = 0;
		};
		4B19936F2C5F9795001CFBE1 /* Sources */ = {
			isa = PBXSourcesBuildPhase;
			buildActionMask = 2147483647;
			files = (
				4B19937A2C5F9795001CFBE1 /* MVVM_RxUITestsLaunchTests.swift in Sources */,
				4B1993782C5F9795001CFBE1 /* MVVM_RxUITests.swift in Sources */,
			);
			runOnlyForDeploymentPostprocessing = 0;
		};
/* End PBXSourcesBuildPhase section */

/* Begin PBXTargetDependency section */
		4B19936B2C5F9795001CFBE1 /* PBXTargetDependency */ = {
			isa = PBXTargetDependency;
			target = 4B1993522C5F9794001CFBE1 /* MVVM+Rx */;
			targetProxy = 4B19936A2C5F9795001CFBE1 /* PBXContainerItemProxy */;
		};
		4B1993752C5F9795001CFBE1 /* PBXTargetDependency */ = {
			isa = PBXTargetDependency;
			target = 4B1993522C5F9794001CFBE1 /* MVVM+Rx */;
			targetProxy = 4B1993742C5F9795001CFBE1 /* PBXContainerItemProxy */;
		};
/* End PBXTargetDependency section */

/* Begin PBXVariantGroup section */
		4B19935C2C5F9794001CFBE1 /* Main.storyboard */ = {
			isa = PBXVariantGroup;
			children = (
				4B19935D2C5F9794001CFBE1 /* Base */,
			);
			name = Main.storyboard;
			sourceTree = "<group>";
		};
		4B1993612C5F9794001CFBE1 /* LaunchScreen.storyboard */ = {
			isa = PBXVariantGroup;
			children = (
				4B1993622C5F9794001CFBE1 /* Base */,
			);
			name = LaunchScreen.storyboard;
			sourceTree = "<group>";
		};
/* End PBXVariantGroup section */

/* Begin XCBuildConfiguration section */
		4B19937B2C5F9795001CFBE1 /* Debug */ = {
			isa = XCBuildConfiguration;
			buildSettings = {
				ALWAYS_SEARCH_USER_PATHS = NO;
				ASSETCATALOG_COMPILER_GENERATE_SWIFT_ASSET_SYMBOL_EXTENSIONS = YES;
				CLANG_ANALYZER_NONNULL = YES;
				CLANG_ANALYZER_NUMBER_OBJECT_CONVERSION = YES_AGGRESSIVE;
				CLANG_CXX_LANGUAGE_STANDARD = "gnu++20";
				CLANG_ENABLE_MODULES = YES;
				CLANG_ENABLE_OBJC_ARC = YES;
				CLANG_ENABLE_OBJC_WEAK = YES;
				CLANG_WARN_BLOCK_CAPTURE_AUTORELEASING = YES;
				CLANG_WARN_BOOL_CONVERSION = YES;
				CLANG_WARN_COMMA = YES;
				CLANG_WARN_CONSTANT_CONVERSION = YES;
				CLANG_WARN_DEPRECATED_OBJC_IMPLEMENTATIONS = YES;
				CLANG_WARN_DIRECT_OBJC_ISA_USAGE = YES_ERROR;
				CLANG_WARN_DOCUMENTATION_COMMENTS = YES;
				CLANG_WARN_EMPTY_BODY = YES;
				CLANG_WARN_ENUM_CONVERSION = YES;
				CLANG_WARN_INFINITE_RECURSION = YES;
				CLANG_WARN_INT_CONVERSION = YES;
				CLANG_WARN_NON_LITERAL_NULL_CONVERSION = YES;
				CLANG_WARN_OBJC_IMPLICIT_RETAIN_SELF = YES;
				CLANG_WARN_OBJC_LITERAL_CONVERSION = YES;
				CLANG_WARN_OBJC_ROOT_CLASS = YES_ERROR;
				CLANG_WARN_QUOTED_INCLUDE_IN_FRAMEWORK_HEADER = YES;
				CLANG_WARN_RANGE_LOOP_ANALYSIS = YES;
				CLANG_WARN_STRICT_PROTOTYPES = YES;
				CLANG_WARN_SUSPICIOUS_MOVE = YES;
				CLANG_WARN_UNGUARDED_AVAILABILITY = YES_AGGRESSIVE;
				CLANG_WARN_UNREACHABLE_CODE = YES;
				CLANG_WARN__DUPLICATE_METHOD_MATCH = YES;
				COPY_PHASE_STRIP = NO;
				DEBUG_INFORMATION_FORMAT = dwarf;
				ENABLE_STRICT_OBJC_MSGSEND = YES;
				ENABLE_TESTABILITY = YES;
				ENABLE_USER_SCRIPT_SANDBOXING = YES;
				GCC_C_LANGUAGE_STANDARD = gnu17;
				GCC_DYNAMIC_NO_PIC = NO;
				GCC_NO_COMMON_BLOCKS = YES;
				GCC_OPTIMIZATION_LEVEL = 0;
				GCC_PREPROCESSOR_DEFINITIONS = (
					"DEBUG=1",
					"$(inherited)",
				);
				GCC_WARN_64_TO_32_BIT_CONVERSION = YES;
				GCC_WARN_ABOUT_RETURN_TYPE = YES_ERROR;
				GCC_WARN_UNDECLARED_SELECTOR = YES;
				GCC_WARN_UNINITIALIZED_AUTOS = YES_AGGRESSIVE;
				GCC_WARN_UNUSED_FUNCTION = YES;
				GCC_WARN_UNUSED_VARIABLE = YES;
				IPHONEOS_DEPLOYMENT_TARGET = 17.5;
				LOCALIZATION_PREFERS_STRING_CATALOGS = YES;
				MTL_ENABLE_DEBUG_INFO = INCLUDE_SOURCE;
				MTL_FAST_MATH = YES;
				ONLY_ACTIVE_ARCH = YES;
				SDKROOT = iphoneos;
				SWIFT_ACTIVE_COMPILATION_CONDITIONS = "DEBUG $(inherited)";
				SWIFT_OPTIMIZATION_LEVEL = "-Onone";
			};
			name = Debug;
		};
		4B19937C2C5F9795001CFBE1 /* Release */ = {
			isa = XCBuildConfiguration;
			buildSettings = {
				ALWAYS_SEARCH_USER_PATHS = NO;
				ASSETCATALOG_COMPILER_GENERATE_SWIFT_ASSET_SYMBOL_EXTENSIONS = YES;
				CLANG_ANALYZER_NONNULL = YES;
				CLANG_ANALYZER_NUMBER_OBJECT_CONVERSION = YES_AGGRESSIVE;
				CLANG_CXX_LANGUAGE_STANDARD = "gnu++20";
				CLANG_ENABLE_MODULES = YES;
				CLANG_ENABLE_OBJC_ARC = YES;
				CLANG_ENABLE_OBJC_WEAK = YES;
				CLANG_WARN_BLOCK_CAPTURE_AUTORELEASING = YES;
				CLANG_WARN_BOOL_CONVERSION = YES;
				CLANG_WARN_COMMA = YES;
				CLANG_WARN_CONSTANT_CONVERSION = YES;
				CLANG_WARN_DEPRECATED_OBJC_IMPLEMENTATIONS = YES;
				CLANG_WARN_DIRECT_OBJC_ISA_USAGE = YES_ERROR;
				CLANG_WARN_DOCUMENTATION_COMMENTS = YES;
				CLANG_WARN_EMPTY_BODY = YES;
				CLANG_WARN_ENUM_CONVERSION = YES;
				CLANG_WARN_INFINITE_RECURSION = YES;
				CLANG_WARN_INT_CONVERSION = YES;
				CLANG_WARN_NON_LITERAL_NULL_CONVERSION = YES;
				CLANG_WARN_OBJC_IMPLICIT_RETAIN_SELF = YES;
				CLANG_WARN_OBJC_LITERAL_CONVERSION = YES;
				CLANG_WARN_OBJC_ROOT_CLASS = YES_ERROR;
				CLANG_WARN_QUOTED_INCLUDE_IN_FRAMEWORK_HEADER = YES;
				CLANG_WARN_RANGE_LOOP_ANALYSIS = YES;
				CLANG_WARN_STRICT_PROTOTYPES = YES;
				CLANG_WARN_SUSPICIOUS_MOVE = YES;
				CLANG_WARN_UNGUARDED_AVAILABILITY = YES_AGGRESSIVE;
				CLANG_WARN_UNREACHABLE_CODE = YES;
				CLANG_WARN__DUPLICATE_METHOD_MATCH = YES;
				COPY_PHASE_STRIP = NO;
				DEBUG_INFORMATION_FORMAT = "dwarf-with-dsym";
				ENABLE_NS_ASSERTIONS = NO;
				ENABLE_STRICT_OBJC_MSGSEND = YES;
				ENABLE_USER_SCRIPT_SANDBOXING = YES;
				GCC_C_LANGUAGE_STANDARD = gnu17;
				GCC_NO_COMMON_BLOCKS = YES;
				GCC_WARN_64_TO_32_BIT_CONVERSION = YES;
				GCC_WARN_ABOUT_RETURN_TYPE = YES_ERROR;
				GCC_WARN_UNDECLARED_SELECTOR = YES;
				GCC_WARN_UNINITIALIZED_AUTOS = YES_AGGRESSIVE;
				GCC_WARN_UNUSED_FUNCTION = YES;
				GCC_WARN_UNUSED_VARIABLE = YES;
				IPHONEOS_DEPLOYMENT_TARGET = 17.5;
				LOCALIZATION_PREFERS_STRING_CATALOGS = YES;
				MTL_ENABLE_DEBUG_INFO = NO;
				MTL_FAST_MATH = YES;
				SDKROOT = iphoneos;
				SWIFT_COMPILATION_MODE = wholemodule;
				VALIDATE_PRODUCT = YES;
			};
			name = Release;
		};
		4B19937E2C5F9795001CFBE1 /* Debug */ = {
			isa = XCBuildConfiguration;
			baseConfigurationReference = ED6EF1C5A4F70878BAB3D472 /* Pods-MVVM+Rx.debug.xcconfig */;
			buildSettings = {
				ASSETCATALOG_COMPILER_APPICON_NAME = AppIcon;
				ASSETCATALOG_COMPILER_GLOBAL_ACCENT_COLOR_NAME = AccentColor;
				CODE_SIGN_STYLE = Automatic;
				CURRENT_PROJECT_VERSION = 1;
				DEVELOPMENT_TEAM = 3H274JF4Q7;
				ENABLE_USER_SCRIPT_SANDBOXING = NO;
				GENERATE_INFOPLIST_FILE = YES;
				INFOPLIST_FILE = "MVVM+Rx/Info.plist";
				INFOPLIST_KEY_CFBundleDisplayName = Coin;
				INFOPLIST_KEY_UIApplicationSupportsIndirectInputEvents = YES;
				INFOPLIST_KEY_UILaunchStoryboardName = LaunchScreen;
				INFOPLIST_KEY_UIMainStoryboardFile = Main;
				INFOPLIST_KEY_UISupportedInterfaceOrientations_iPad = "UIInterfaceOrientationPortrait UIInterfaceOrientationPortraitUpsideDown UIInterfaceOrientationLandscapeLeft UIInterfaceOrientationLandscapeRight";
				INFOPLIST_KEY_UISupportedInterfaceOrientations_iPhone = "UIInterfaceOrientationPortrait UIInterfaceOrientationLandscapeLeft UIInterfaceOrientationLandscapeRight";
				IPHONEOS_DEPLOYMENT_TARGET = 16.1;
				LD_RUNPATH_SEARCH_PATHS = (
					"$(inherited)",
					"@executable_path/Frameworks",
				);
				MARKETING_VERSION = 1.0;
				PRODUCT_BUNDLE_IDENTIFIER = "com.nurba.MVVM-Rx";
				PRODUCT_NAME = "$(TARGET_NAME)";
				SWIFT_EMIT_LOC_STRINGS = YES;
				SWIFT_VERSION = 5.0;
				TARGETED_DEVICE_FAMILY = "1,2";
			};
			name = Debug;
		};
		4B19937F2C5F9795001CFBE1 /* Release */ = {
			isa = XCBuildConfiguration;
			baseConfigurationReference = C77345BF508F9FA1B0693A3A /* Pods-MVVM+Rx.release.xcconfig */;
			buildSettings = {
				ASSETCATALOG_COMPILER_APPICON_NAME = AppIcon;
				ASSETCATALOG_COMPILER_GLOBAL_ACCENT_COLOR_NAME = AccentColor;
				CODE_SIGN_STYLE = Automatic;
				CURRENT_PROJECT_VERSION = 1;
				DEVELOPMENT_TEAM = 3H274JF4Q7;
				ENABLE_USER_SCRIPT_SANDBOXING = NO;
				GENERATE_INFOPLIST_FILE = YES;
				INFOPLIST_FILE = "MVVM+Rx/Info.plist";
				INFOPLIST_KEY_CFBundleDisplayName = Coin;
				INFOPLIST_KEY_UIApplicationSupportsIndirectInputEvents = YES;
				INFOPLIST_KEY_UILaunchStoryboardName = LaunchScreen;
				INFOPLIST_KEY_UIMainStoryboardFile = Main;
				INFOPLIST_KEY_UISupportedInterfaceOrientations_iPad = "UIInterfaceOrientationPortrait UIInterfaceOrientationPortraitUpsideDown UIInterfaceOrientationLandscapeLeft UIInterfaceOrientationLandscapeRight";
				INFOPLIST_KEY_UISupportedInterfaceOrientations_iPhone = "UIInterfaceOrientationPortrait UIInterfaceOrientationLandscapeLeft UIInterfaceOrientationLandscapeRight";
				IPHONEOS_DEPLOYMENT_TARGET = 16.1;
				LD_RUNPATH_SEARCH_PATHS = (
					"$(inherited)",
					"@executable_path/Frameworks",
				);
				MARKETING_VERSION = 1.0;
				PRODUCT_BUNDLE_IDENTIFIER = "com.nurba.MVVM-Rx";
				PRODUCT_NAME = "$(TARGET_NAME)";
				SWIFT_EMIT_LOC_STRINGS = YES;
				SWIFT_VERSION = 5.0;
				TARGETED_DEVICE_FAMILY = "1,2";
			};
			name = Release;
		};
		4B1993812C5F9795001CFBE1 /* Debug */ = {
			isa = XCBuildConfiguration;
			baseConfigurationReference = 4EF43F6902B8D15DD7546DD3 /* Pods-MVVM+RxTests.debug.xcconfig */;
			buildSettings = {
				ALWAYS_EMBED_SWIFT_STANDARD_LIBRARIES = YES;
				BUNDLE_LOADER = "$(TEST_HOST)";
				CODE_SIGN_STYLE = Automatic;
				CURRENT_PROJECT_VERSION = 1;
				DEVELOPMENT_TEAM = 3H274JF4Q7;
				GENERATE_INFOPLIST_FILE = YES;
				IPHONEOS_DEPLOYMENT_TARGET = 17.5;
				MARKETING_VERSION = 1.0;
				PRODUCT_BUNDLE_IDENTIFIER = "com.nurba.MVVM-RxTests";
				PRODUCT_NAME = "$(TARGET_NAME)";
				SWIFT_EMIT_LOC_STRINGS = NO;
				SWIFT_VERSION = 5.0;
				TARGETED_DEVICE_FAMILY = "1,2";
				TEST_HOST = "$(BUILT_PRODUCTS_DIR)/MVVM+Rx.app/$(BUNDLE_EXECUTABLE_FOLDER_PATH)/MVVM+Rx";
			};
			name = Debug;
		};
		4B1993822C5F9795001CFBE1 /* Release */ = {
			isa = XCBuildConfiguration;
			baseConfigurationReference = 66FC93CBDD1CD6A5E18C29AD /* Pods-MVVM+RxTests.release.xcconfig */;
			buildSettings = {
				ALWAYS_EMBED_SWIFT_STANDARD_LIBRARIES = YES;
				BUNDLE_LOADER = "$(TEST_HOST)";
				CODE_SIGN_STYLE = Automatic;
				CURRENT_PROJECT_VERSION = 1;
				DEVELOPMENT_TEAM = 3H274JF4Q7;
				GENERATE_INFOPLIST_FILE = YES;
				IPHONEOS_DEPLOYMENT_TARGET = 17.5;
				MARKETING_VERSION = 1.0;
				PRODUCT_BUNDLE_IDENTIFIER = "com.nurba.MVVM-RxTests";
				PRODUCT_NAME = "$(TARGET_NAME)";
				SWIFT_EMIT_LOC_STRINGS = NO;
				SWIFT_VERSION = 5.0;
				TARGETED_DEVICE_FAMILY = "1,2";
				TEST_HOST = "$(BUILT_PRODUCTS_DIR)/MVVM+Rx.app/$(BUNDLE_EXECUTABLE_FOLDER_PATH)/MVVM+Rx";
			};
			name = Release;
		};
		4B1993842C5F9795001CFBE1 /* Debug */ = {
			isa = XCBuildConfiguration;
			baseConfigurationReference = A75237F60ABA2A6802916262 /* Pods-MVVM+Rx-MVVM+RxUITests.debug.xcconfig */;
			buildSettings = {
				ALWAYS_EMBED_SWIFT_STANDARD_LIBRARIES = YES;
				CODE_SIGN_STYLE = Automatic;
				CURRENT_PROJECT_VERSION = 1;
				DEVELOPMENT_TEAM = 3H274JF4Q7;
				GENERATE_INFOPLIST_FILE = YES;
				MARKETING_VERSION = 1.0;
				PRODUCT_BUNDLE_IDENTIFIER = "com.nurba.MVVM-RxUITests";
				PRODUCT_NAME = "$(TARGET_NAME)";
				SWIFT_EMIT_LOC_STRINGS = NO;
				SWIFT_VERSION = 5.0;
				TARGETED_DEVICE_FAMILY = "1,2";
				TEST_TARGET_NAME = "MVVM+Rx";
			};
			name = Debug;
		};
		4B1993852C5F9795001CFBE1 /* Release */ = {
			isa = XCBuildConfiguration;
			baseConfigurationReference = 392C46D0D4EC6AB9989EA3C3 /* Pods-MVVM+Rx-MVVM+RxUITests.release.xcconfig */;
			buildSettings = {
				ALWAYS_EMBED_SWIFT_STANDARD_LIBRARIES = YES;
				CODE_SIGN_STYLE = Automatic;
				CURRENT_PROJECT_VERSION = 1;
				DEVELOPMENT_TEAM = 3H274JF4Q7;
				GENERATE_INFOPLIST_FILE = YES;
				MARKETING_VERSION = 1.0;
				PRODUCT_BUNDLE_IDENTIFIER = "com.nurba.MVVM-RxUITests";
				PRODUCT_NAME = "$(TARGET_NAME)";
				SWIFT_EMIT_LOC_STRINGS = NO;
				SWIFT_VERSION = 5.0;
				TARGETED_DEVICE_FAMILY = "1,2";
				TEST_TARGET_NAME = "MVVM+Rx";
			};
			name = Release;
		};
/* End XCBuildConfiguration section */

/* Begin XCConfigurationList section */
		4B19934E2C5F9794001CFBE1 /* Build configuration list for PBXProject "MVVM+Rx" */ = {
			isa = XCConfigurationList;
			buildConfigurations = (
				4B19937B2C5F9795001CFBE1 /* Debug */,
				4B19937C2C5F9795001CFBE1 /* Release */,
			);
			defaultConfigurationIsVisible = 0;
			defaultConfigurationName = Release;
		};
		4B19937D2C5F9795001CFBE1 /* Build configuration list for PBXNativeTarget "MVVM+Rx" */ = {
			isa = XCConfigurationList;
			buildConfigurations = (
				4B19937E2C5F9795001CFBE1 /* Debug */,
				4B19937F2C5F9795001CFBE1 /* Release */,
			);
			defaultConfigurationIsVisible = 0;
			defaultConfigurationName = Release;
		};
		4B1993802C5F9795001CFBE1 /* Build configuration list for PBXNativeTarget "MVVM+RxTests" */ = {
			isa = XCConfigurationList;
			buildConfigurations = (
				4B1993812C5F9795001CFBE1 /* Debug */,
				4B1993822C5F9795001CFBE1 /* Release */,
			);
			defaultConfigurationIsVisible = 0;
			defaultConfigurationName = Release;
		};
		4B1993832C5F9795001CFBE1 /* Build configuration list for PBXNativeTarget "MVVM+RxUITests" */ = {
			isa = XCConfigurationList;
			buildConfigurations = (
				4B1993842C5F9795001CFBE1 /* Debug */,
				4B1993852C5F9795001CFBE1 /* Release */,
			);
			defaultConfigurationIsVisible = 0;
			defaultConfigurationName = Release;
		};
/* End XCConfigurationList section */
	};
	rootObject = 4B19934B2C5F9794001CFBE1 /* Project object */;
}
